
Microsoft Visual Studio Solution File, Format Version 12.00
# Visual Studio Version 16
VisualStudioVersion = 16.0.31424.327
MinimumVisualStudioVersion = 10.0.40219.1
Project("{9A19103F-16F7-4668-BE54-9A1E7A4F7556}") = "ConsoleTest", "ConsoleTest\ConsoleTest.csproj", "{31A61B97-500F-436C-BEC0-0D902C3A36FF}"
EndProject
Project("{9A19103F-16F7-4668-BE54-9A1E7A4F7556}") = "Proyecto1", "Proyecto1\Proyecto1.csproj", "{A3164EEE-0CFC-4968-B7C1-F995BB2BF30D}"
EndProject
Project("{FAE04EC0-301F-11D3-BF4B-00C04F79EFBC}") = "Proyecto0", "Proyecto0\Proyecto0.csproj", "{31E8DA17-BD9F-4B92-8817-FE105EC6DB51}"
EndProject
Global
	GlobalSection(SolutionConfigurationPlatforms) = preSolution
		Debug|Any CPU = Debug|Any CPU
		Release|Any CPU = Release|Any CPU
	EndGlobalSection
	GlobalSection(ProjectConfigurationPlatforms) = postSolution
		{31A61B97-500F-436C-BEC0-0D902C3A36FF}.Debug|Any CPU.ActiveCfg = Debug|Any CPU
		{31A61B97-500F-436C-BEC0-0D902C3A36FF}.Debug|Any CPU.Build.0 = Debug|Any CPU
		{31A61B97-500F-436C-BEC0-0D902C3A36FF}.Release|Any CPU.ActiveCfg = Release|Any CPU
		{31A61B97-500F-436C-BEC0-0D902C3A36FF}.Release|Any CPU.Build.0 = Release|Any CPU
		{A3164EEE-0CFC-4968-B7C1-F995BB2BF30D}.Debug|Any CPU.ActiveCfg = Debug|Any CPU
		{A3164EEE-0CFC-4968-B7C1-F995BB2BF30D}.Debug|Any CPU.Build.0 = Debug|Any CPU
		{A3164EEE-0CFC-4968-B7C1-F995BB2BF30D}.Release|Any CPU.ActiveCfg = Release|Any CPU
		{A3164EEE-0CFC-4968-B7C1-F995BB2BF30D}.Release|Any CPU.Build.0 = Release|Any CPU
		{31E8DA17-BD9F-4B92-8817-FE105EC6DB51}.Debug|Any CPU.ActiveCfg = Debug|Any CPU
		{31E8DA17-BD9F-4B92-8817-FE105EC6DB51}.Debug|Any CPU.Build.0 = Debug|Any CPU
		{31E8DA17-BD9F-4B92-8817-FE105EC6DB51}.Release|Any CPU.ActiveCfg = Release|Any CPU
		{31E8DA17-BD9F-4B92-8817-FE105EC6DB51}.Release|Any CPU.Build.0 = Release|Any CPU
	EndGlobalSection
	GlobalSection(SolutionProperties) = preSolution
		HideSolutionNode = FALSE
	EndGlobalSection
	GlobalSection(ExtensibilityGlobals) = postSolution
		SolutionGuid = {9E9E9DC2-B560-4DCF-9D2C-1EFB01453ADB}
	EndGlobalSection
EndGlobal
